
Microsoft Visual Studio Solution File, Format Version 12.00
# Visual Studio Version 17
VisualStudioVersion = 17.4.33213.308
MinimumVisualStudioVersion = 10.0.40219.1
Project("{FAE04EC0-301F-11D3-BF4B-00C04F79EFBC}") = "ReiwaSupportApplication", "ReiwaSupportApplication\ReiwaSupportApplication.csproj", "{0044476F-2FC2-449D-9632-E4C084DF6B75}"
EndProject
Global
	GlobalSection(SolutionConfigurationPlatforms) = preSolution
		Debug|Any CPU = Debug|Any CPU
		Release|Any CPU = Release|Any CPU
	EndGlobalSection
	GlobalSection(ProjectConfigurationPlatforms) = postSolution
		{0044476F-2FC2-449D-9632-E4C084DF6B75}.Debug|Any CPU.ActiveCfg = Debug|Any CPU
		{0044476F-2FC2-449D-9632-E4C084DF6B75}.Debug|Any CPU.Build.0 = Debug|Any CPU
		{0044476F-2FC2-449D-9632-E4C084DF6B75}.Release|Any CPU.ActiveCfg = Release|Any CPU
		{0044476F-2FC2-449D-9632-E4C084DF6B75}.Release|Any CPU.Build.0 = Release|Any CPU
	EndGlobalSection
	GlobalSection(SolutionProperties) = preSolution
		HideSolutionNode = FALSE
	EndGlobalSection
	GlobalSection(ExtensibilityGlobals) = postSolution
		SolutionGuid = {0F77B117-4C64-4FED-988A-152013720768}
	EndGlobalSection
EndGlobal
